
Microsoft Visual Studio Solution File, Format Version 12.00
# Visual Studio 15
VisualStudioVersion = 15.0.27130.2010
MinimumVisualStudioVersion = 10.0.40219.1
Project("{FAE04EC0-301F-11D3-BF4B-00C04F79EFBC}") = "WebAPIModel", "WebAPIModel\WebAPIModel.csproj", "{7A97B1A9-DFC5-4B2F-BACD-4E6BF4A6542E}"
EndProject
Global
	GlobalSection(SolutionConfigurationPlatforms) = preSolution
		Debug|Any CPU = Debug|Any CPU
		Release|Any CPU = Release|Any CPU
	EndGlobalSection
	GlobalSection(ProjectConfigurationPlatforms) = postSolution
		{7A97B1A9-DFC5-4B2F-BACD-4E6BF4A6542E}.Debug|Any CPU.ActiveCfg = Debug|Any CPU
		{7A97B1A9-DFC5-4B2F-BACD-4E6BF4A6542E}.Debug|Any CPU.Build.0 = Debug|Any CPU
		{7A97B1A9-DFC5-4B2F-BACD-4E6BF4A6542E}.Release|Any CPU.ActiveCfg = Release|Any CPU
		{7A97B1A9-DFC5-4B2F-BACD-4E6BF4A6542E}.Release|Any CPU.Build.0 = Release|Any CPU
	EndGlobalSection
	GlobalSection(SolutionProperties) = preSolution
		HideSolutionNode = FALSE
	EndGlobalSection
	GlobalSection(ExtensibilityGlobals) = postSolution
		SolutionGuid = {3D4349BF-A27D-4884-B894-4F1D7D0A4DA5}
	EndGlobalSection
EndGlobal
